// !$*UTF8*$!
{
	archiveVersion = 1;
	classes = {
	};
	objectVersion = 77;
	objects = {

/* Begin PBXBuildFile section */
		04CB3735D6F4B13A618988F1 /* KeyboardViewController.swift in Sources */ = {isa = PBXBuildFile; fileRef = 8D9B6369C3F5E2AFE775F256 /* KeyboardViewController.swift */; };
		0709B9D315755E7B821D9759 /* ContentView.swift in Sources */ = {isa = PBXBuildFile; fileRef = E49B8BFD4899D49213E66351 /* ContentView.swift */; };
		0D2E35D28D901F63E2FF6E94 /* KeyboardView.swift in Sources */ = {isa = PBXBuildFile; fileRef = 4613EE0D4740D47B11050CDB /* KeyboardView.swift */; };
		1297502E66E35033129E63F9 /* DarwinNotificationCenter.swift in Sources */ = {isa = PBXBuildFile; fileRef = 1BA6007B1162B90620FB693D /* DarwinNotificationCenter.swift */; };
		1E0C52CD9D03926CC52517B3 /* TranscriptionService.swift in Sources */ = {isa = PBXBuildFile; fileRef = DB01809BC96EC988C7C54E58 /* TranscriptionService.swift */; };
		2F417D0F83F738131D8B2DE1 /* MurmurKeyboard.appex in Embed Foundation Extensions */ = {isa = PBXBuildFile; fileRef = 05AD0D5776C091609CEE64DC /* MurmurKeyboard.appex */; settings = {ATTRIBUTES = (RemoveHeadersOnCopy, ); }; };
		3FB2E1F1BC1D7801B402C165 /* AudioRecorder.swift in Sources */ = {isa = PBXBuildFile; fileRef = DD15486FE9E2405472EDB018 /* AudioRecorder.swift */; };
		408A877D4281761C34883CB3 /* MenuView.swift in Sources */ = {isa = PBXBuildFile; fileRef = 45C181BC358DD79901DD4BE0 /* MenuView.swift */; };
		421B9904F6646C1B26B88CE8 /* TextProcessor.swift in Sources */ = {isa = PBXBuildFile; fileRef = 1A7366E26F2E6709D6679C88 /* TextProcessor.swift */; };
		46322A06F708861182B60115 /* Localizable.strings in Resources */ = {isa = PBXBuildFile; fileRef = 856CF47B02A85606D9556C99 /* Localizable.strings */; };
		4F14AEC41A87ED2E2CDCBC3D /* Assets.xcassets in Resources */ = {isa = PBXBuildFile; fileRef = FBF74434C602C47E5BAA6CED /* Assets.xcassets */; };
		501F131FDE7524B1A74D3824 /* SharedDefaults.swift in Sources */ = {isa = PBXBuildFile; fileRef = C123EC332E2AAB14BB4C3800 /* SharedDefaults.swift */; };
		59F568EC577699F68FA4AE92 /* TranscriptionStore.swift in Sources */ = {isa = PBXBuildFile; fileRef = A00B3AA754090800C4A190AB /* TranscriptionStore.swift */; };
		5B214DAB1EF667EA1473632C /* PrivacyInfo.xcprivacy in Resources */ = {isa = PBXBuildFile; fileRef = 254C34AE029C127E98D897BF /* PrivacyInfo.xcprivacy */; };
		6DA49FB9CCA842FA4B2688C0 /* MurmurApp.swift in Sources */ = {isa = PBXBuildFile; fileRef = ED35761EBF7EF881FA0E7BB9 /* MurmurApp.swift */; };
		7801BBB826DED11D57466728 /* CloudTranscriptionService.swift in Sources */ = {isa = PBXBuildFile; fileRef = 1DC6424CB3B8F16902AB37D2 /* CloudTranscriptionService.swift */; };
		97E069AE955DE68E4EF903AD /* DarwinNotificationCenter.swift in Sources */ = {isa = PBXBuildFile; fileRef = 1BA6007B1162B90620FB693D /* DarwinNotificationCenter.swift */; };
		BBF5BD7C71202A5AC611F0D6 /* KeychainHelper.swift in Sources */ = {isa = PBXBuildFile; fileRef = 9ED87487A4B876A95851A155 /* KeychainHelper.swift */; };
		C944553A8C6BBDA2511FB912 /* SharedDefaults.swift in Sources */ = {isa = PBXBuildFile; fileRef = C123EC332E2AAB14BB4C3800 /* SharedDefaults.swift */; };
		CCA6160297EC5A1677B8106D /* WhisperKit in Frameworks */ = {isa = PBXBuildFile; productRef = A2BDAA3B98771B1C1E1439F5 /* WhisperKit */; };
		F836AB23661F014B05BA9F2F /* OnboardingView.swift in Sources */ = {isa = PBXBuildFile; fileRef = 5FBD1FE5F80F062DB789E32A /* OnboardingView.swift */; };
		F954043D84C1B6C6A40C9BA5 /* PrivacyInfo.xcprivacy in Resources */ = {isa = PBXBuildFile; fileRef = 4FB598387040EBBE3BF5FF30 /* PrivacyInfo.xcprivacy */; };
/* End PBXBuildFile section */

/* Begin PBXContainerItemProxy section */
		1CB090AAD0F208D3C46D4CEA /* PBXContainerItemProxy */ = {
			isa = PBXContainerItemProxy;
			containerPortal = 212C51E196E4C5F2E057C421 /* Project object */;
			proxyType = 1;
			remoteGlobalIDString = 2CD9C75CD1C959165234AEAC;
			remoteInfo = MurmurKeyboard;
		};
/* End PBXContainerItemProxy section */

/* Begin PBXCopyFilesBuildPhase section */
		ED3FFD3C200FA6738BF2C9AC /* Embed Foundation Extensions */ = {
			isa = PBXCopyFilesBuildPhase;
			buildActionMask = 2147483647;
			dstPath = "";
			dstSubfolderSpec = 13;
			files = (
				2F417D0F83F738131D8B2DE1 /* MurmurKeyboard.appex in Embed Foundation Extensions */,
			);
			name = "Embed Foundation Extensions";
			runOnlyForDeploymentPostprocessing = 0;
		};
/* End PBXCopyFilesBuildPhase section */

/* Begin PBXFileReference section */
		05AD0D5776C091609CEE64DC /* MurmurKeyboard.appex */ = {isa = PBXFileReference; includeInIndex = 0; lastKnownFileType = "wrapper.app-extension"; path = MurmurKeyboard.appex; sourceTree = BUILT_PRODUCTS_DIR; };
		1A7366E26F2E6709D6679C88 /* TextProcessor.swift */ = {isa = PBXFileReference; lastKnownFileType = sourcecode.swift; path = TextProcessor.swift; sourceTree = "<group>"; };
		1BA6007B1162B90620FB693D /* DarwinNotificationCenter.swift */ = {isa = PBXFileReference; lastKnownFileType = sourcecode.swift; path = DarwinNotificationCenter.swift; sourceTree = "<group>"; };
		1DC6424CB3B8F16902AB37D2 /* CloudTranscriptionService.swift */ = {isa = PBXFileReference; lastKnownFileType = sourcecode.swift; path = CloudTranscriptionService.swift; sourceTree = "<group>"; };
		254C34AE029C127E98D897BF /* PrivacyInfo.xcprivacy */ = {isa = PBXFileReference; path = PrivacyInfo.xcprivacy; sourceTree = "<group>"; };
		3E76F65BA5EB338EDBE2C26B /* en */ = {isa = PBXFileReference; lastKnownFileType = text.plist.strings; name = en; path = en.lproj/Localizable.strings; sourceTree = "<group>"; };
		45C181BC358DD79901DD4BE0 /* MenuView.swift */ = {isa = PBXFileReference; lastKnownFileType = sourcecode.swift; path = MenuView.swift; sourceTree = "<group>"; };
		4613EE0D4740D47B11050CDB /* KeyboardView.swift */ = {isa = PBXFileReference; lastKnownFileType = sourcecode.swift; path = KeyboardView.swift; sourceTree = "<group>"; };
		4FB598387040EBBE3BF5FF30 /* PrivacyInfo.xcprivacy */ = {isa = PBXFileReference; path = PrivacyInfo.xcprivacy; sourceTree = "<group>"; };
		5FBD1FE5F80F062DB789E32A /* OnboardingView.swift */ = {isa = PBXFileReference; lastKnownFileType = sourcecode.swift; path = OnboardingView.swift; sourceTree = "<group>"; };
		705220A3846AC6270FEBBC24 /* Murmur.entitlements */ = {isa = PBXFileReference; lastKnownFileType = text.plist.entitlements; path = Murmur.entitlements; sourceTree = "<group>"; };
		8D9B6369C3F5E2AFE775F256 /* KeyboardViewController.swift */ = {isa = PBXFileReference; lastKnownFileType = sourcecode.swift; path = KeyboardViewController.swift; sourceTree = "<group>"; };
		9ED87487A4B876A95851A155 /* KeychainHelper.swift */ = {isa = PBXFileReference; lastKnownFileType = sourcecode.swift; path = KeychainHelper.swift; sourceTree = "<group>"; };
		A00B3AA754090800C4A190AB /* TranscriptionStore.swift */ = {isa = PBXFileReference; lastKnownFileType = sourcecode.swift; path = TranscriptionStore.swift; sourceTree = "<group>"; };
		BA0E563F85E519D1E62A21CB /* Info.plist */ = {isa = PBXFileReference; lastKnownFileType = text.plist; path = Info.plist; sourceTree = "<group>"; };
		BADFC419D76FE3CB660FE61F /* Info.plist */ = {isa = PBXFileReference; lastKnownFileType = text.plist; path = Info.plist; sourceTree = "<group>"; };
		C123EC332E2AAB14BB4C3800 /* SharedDefaults.swift */ = {isa = PBXFileReference; lastKnownFileType = sourcecode.swift; path = SharedDefaults.swift; sourceTree = "<group>"; };
		C834EC374C4A986C47F46292 /* Murmur.app */ = {isa = PBXFileReference; includeInIndex = 0; lastKnownFileType = wrapper.application; path = Murmur.app; sourceTree = BUILT_PRODUCTS_DIR; };
		CED537A7256CD6F3D7ED94AC /* MurmurKeyboard.entitlements */ = {isa = PBXFileReference; lastKnownFileType = text.plist.entitlements; path = MurmurKeyboard.entitlements; sourceTree = "<group>"; };
		DB01809BC96EC988C7C54E58 /* TranscriptionService.swift */ = {isa = PBXFileReference; lastKnownFileType = sourcecode.swift; path = TranscriptionService.swift; sourceTree = "<group>"; };
		DD15486FE9E2405472EDB018 /* AudioRecorder.swift */ = {isa = PBXFileReference; lastKnownFileType = sourcecode.swift; path = AudioRecorder.swift; sourceTree = "<group>"; };
		E49B8BFD4899D49213E66351 /* ContentView.swift */ = {isa = PBXFileReference; lastKnownFileType = sourcecode.swift; path = ContentView.swift; sourceTree = "<group>"; };
		ED35761EBF7EF881FA0E7BB9 /* MurmurApp.swift */ = {isa = PBXFileReference; lastKnownFileType = sourcecode.swift; path = MurmurApp.swift; sourceTree = "<group>"; };
		FBF74434C602C47E5BAA6CED /* Assets.xcassets */ = {isa = PBXFileReference; lastKnownFileType = folder.assetcatalog; path = Assets.xcassets; sourceTree = "<group>"; };
/* End PBXFileReference section */

/* Begin PBXFrameworksBuildPhase section */
		D9FDE2E088591FE29B875987 /* Frameworks */ = {
			isa = PBXFrameworksBuildPhase;
			buildActionMask = 2147483647;
			files = (
				CCA6160297EC5A1677B8106D /* WhisperKit in Frameworks */,
			);
			runOnlyForDeploymentPostprocessing = 0;
		};
/* End PBXFrameworksBuildPhase section */

/* Begin PBXGroup section */
		001444262D284F2CB5040E1E /* Products */ = {
			isa = PBXGroup;
			children = (
				C834EC374C4A986C47F46292 /* Murmur.app */,
				05AD0D5776C091609CEE64DC /* MurmurKeyboard.appex */,
			);
			name = Products;
			sourceTree = "<group>";
		};
		2DB434EEFB0EF7330B954FCE /* Shared */ = {
			isa = PBXGroup;
			children = (
				1BA6007B1162B90620FB693D /* DarwinNotificationCenter.swift */,
				C123EC332E2AAB14BB4C3800 /* SharedDefaults.swift */,
			);
			name = Shared;
			path = Sources/Shared;
			sourceTree = "<group>";
		};
		43F88778929B563CCBD7A614 /* MurmurKeyboard */ = {
			isa = PBXGroup;
			children = (
				BADFC419D76FE3CB660FE61F /* Info.plist */,
				4613EE0D4740D47B11050CDB /* KeyboardView.swift */,
				8D9B6369C3F5E2AFE775F256 /* KeyboardViewController.swift */,
				CED537A7256CD6F3D7ED94AC /* MurmurKeyboard.entitlements */,
				4FB598387040EBBE3BF5FF30 /* PrivacyInfo.xcprivacy */,
			);
			name = MurmurKeyboard;
			path = Sources/MurmurKeyboard;
			sourceTree = "<group>";
		};
		55AFDC8326A0474CEB29A9C9 = {
			isa = PBXGroup;
			children = (
				C069B21BE9D463290D39AC6C /* Murmur */,
				43F88778929B563CCBD7A614 /* MurmurKeyboard */,
				2DB434EEFB0EF7330B954FCE /* Shared */,
				001444262D284F2CB5040E1E /* Products */,
			);
			sourceTree = "<group>";
		};
		C069B21BE9D463290D39AC6C /* Murmur */ = {
			isa = PBXGroup;
			children = (
				FBF74434C602C47E5BAA6CED /* Assets.xcassets */,
				DD15486FE9E2405472EDB018 /* AudioRecorder.swift */,
				1DC6424CB3B8F16902AB37D2 /* CloudTranscriptionService.swift */,
				E49B8BFD4899D49213E66351 /* ContentView.swift */,
				BA0E563F85E519D1E62A21CB /* Info.plist */,
				9ED87487A4B876A95851A155 /* KeychainHelper.swift */,
				856CF47B02A85606D9556C99 /* Localizable.strings */,
				45C181BC358DD79901DD4BE0 /* MenuView.swift */,
				705220A3846AC6270FEBBC24 /* Murmur.entitlements */,
				ED35761EBF7EF881FA0E7BB9 /* MurmurApp.swift */,
				5FBD1FE5F80F062DB789E32A /* OnboardingView.swift */,
				254C34AE029C127E98D897BF /* PrivacyInfo.xcprivacy */,
				1A7366E26F2E6709D6679C88 /* TextProcessor.swift */,
				DB01809BC96EC988C7C54E58 /* TranscriptionService.swift */,
				A00B3AA754090800C4A190AB /* TranscriptionStore.swift */,
			);
			name = Murmur;
			path = Sources/Murmur;
			sourceTree = "<group>";
		};
/* End PBXGroup section */

/* Begin PBXNativeTarget section */
		2CD9C75CD1C959165234AEAC /* MurmurKeyboard */ = {
			isa = PBXNativeTarget;
			buildConfigurationList = 9BA3CA05493B1ACFF0D0006F /* Build configuration list for PBXNativeTarget "MurmurKeyboard" */;
			buildPhases = (
				A0F2B0403F286AFF069DBE0C /* Sources */,
				5457705C822DE7519ECBAF53 /* Resources */,
			);
			buildRules = (
			);
			dependencies = (
			);
			name = MurmurKeyboard;
			packageProductDependencies = (
			);
			productName = MurmurKeyboard;
			productReference = 05AD0D5776C091609CEE64DC /* MurmurKeyboard.appex */;
			productType = "com.apple.product-type.app-extension";
		};
		42F900FA13D760CB89CF4141 /* Murmur */ = {
			isa = PBXNativeTarget;
			buildConfigurationList = EDB1F9ED9EE411689FF7A246 /* Build configuration list for PBXNativeTarget "Murmur" */;
			buildPhases = (
				55FA5046E9EFCAD54C9E8A85 /* Sources */,
				5D518C0DA7FA93F54066B380 /* Resources */,
				D9FDE2E088591FE29B875987 /* Frameworks */,
				ED3FFD3C200FA6738BF2C9AC /* Embed Foundation Extensions */,
			);
			buildRules = (
			);
			dependencies = (
				1CA7C16E85D1E218E4872535 /* PBXTargetDependency */,
			);
			name = Murmur;
			packageProductDependencies = (
				A2BDAA3B98771B1C1E1439F5 /* WhisperKit */,
			);
			productName = Murmur;
			productReference = C834EC374C4A986C47F46292 /* Murmur.app */;
			productType = "com.apple.product-type.application";
		};
/* End PBXNativeTarget section */

/* Begin PBXProject section */
		212C51E196E4C5F2E057C421 /* Project object */ = {
			isa = PBXProject;
			attributes = {
				BuildIndependentTargetsInParallel = YES;
				LastUpgradeCheck = 2640;
				TargetAttributes = {
					2CD9C75CD1C959165234AEAC = {
						DevelopmentTeam = 8957296QYR;
						ProvisioningStyle = Automatic;
					};
					42F900FA13D760CB89CF4141 = {
						DevelopmentTeam = 8957296QYR;
						ProvisioningStyle = Automatic;
					};
				};
			};
			buildConfigurationList = 7BC53DFDF5746356F727BB31 /* Build configuration list for PBXProject "Murmur" */;
			compatibilityVersion = "Xcode 14.0";
			developmentRegion = en;
			hasScannedForEncodings = 0;
			knownRegions = (
				Base,
				en,
			);
			mainGroup = 55AFDC8326A0474CEB29A9C9;
			minimizedProjectReferenceProxies = 1;
			packageReferences = (
				9AD1147740F2028ECA243454 /* XCRemoteSwiftPackageReference "WhisperKit" */,
			);
			preferredProjectObjectVersion = 77;
			projectDirPath = "";
			projectRoot = "";
			targets = (
				42F900FA13D760CB89CF4141 /* Murmur */,
				2CD9C75CD1C959165234AEAC /* MurmurKeyboard */,
			);
		};
/* End PBXProject section */

/* Begin PBXResourcesBuildPhase section */
		5457705C822DE7519ECBAF53 /* Resources */ = {
			isa = PBXResourcesBuildPhase;
			buildActionMask = 2147483647;
			files = (
				F954043D84C1B6C6A40C9BA5 /* PrivacyInfo.xcprivacy in Resources */,
			);
			runOnlyForDeploymentPostprocessing = 0;
		};
		5D518C0DA7FA93F54066B380 /* Resources */ = {
			isa = PBXResourcesBuildPhase;
			buildActionMask = 2147483647;
			files = (
				4F14AEC41A87ED2E2CDCBC3D /* Assets.xcassets in Resources */,
				46322A06F708861182B60115 /* Localizable.strings in Resources */,
				5B214DAB1EF667EA1473632C /* PrivacyInfo.xcprivacy in Resources */,
			);
			runOnlyForDeploymentPostprocessing = 0;
		};
/* End PBXResourcesBuildPhase section */

/* Begin PBXSourcesBuildPhase section */
		55FA5046E9EFCAD54C9E8A85 /* Sources */ = {
			isa = PBXSourcesBuildPhase;
			buildActionMask = 2147483647;
			files = (
				3FB2E1F1BC1D7801B402C165 /* AudioRecorder.swift in Sources */,
				7801BBB826DED11D57466728 /* CloudTranscriptionService.swift in Sources */,
				0709B9D315755E7B821D9759 /* ContentView.swift in Sources */,
				1297502E66E35033129E63F9 /* DarwinNotificationCenter.swift in Sources */,
				BBF5BD7C71202A5AC611F0D6 /* KeychainHelper.swift in Sources */,
				408A877D4281761C34883CB3 /* MenuView.swift in Sources */,
				6DA49FB9CCA842FA4B2688C0 /* MurmurApp.swift in Sources */,
				F836AB23661F014B05BA9F2F /* OnboardingView.swift in Sources */,
				C944553A8C6BBDA2511FB912 /* SharedDefaults.swift in Sources */,
				421B9904F6646C1B26B88CE8 /* TextProcessor.swift in Sources */,
				1E0C52CD9D03926CC52517B3 /* TranscriptionService.swift in Sources */,
				59F568EC577699F68FA4AE92 /* TranscriptionStore.swift in Sources */,
			);
			runOnlyForDeploymentPostprocessing = 0;
		};
		A0F2B0403F286AFF069DBE0C /* Sources */ = {
			isa = PBXSourcesBuildPhase;
			buildActionMask = 2147483647;
			files = (
				97E069AE955DE68E4EF903AD /* DarwinNotificationCenter.swift in Sources */,
				0D2E35D28D901F63E2FF6E94 /* KeyboardView.swift in Sources */,
				04CB3735D6F4B13A618988F1 /* KeyboardViewController.swift in Sources */,
				501F131FDE7524B1A74D3824 /* SharedDefaults.swift in Sources */,
			);
			runOnlyForDeploymentPostprocessing = 0;
		};
/* End PBXSourcesBuildPhase section */

/* Begin PBXTargetDependency section */
		1CA7C16E85D1E218E4872535 /* PBXTargetDependency */ = {
			isa = PBXTargetDependency;
			target = 2CD9C75CD1C959165234AEAC /* MurmurKeyboard */;
			targetProxy = 1CB090AAD0F208D3C46D4CEA /* PBXContainerItemProxy */;
		};
/* End PBXTargetDependency section */

/* Begin PBXVariantGroup section */
		856CF47B02A85606D9556C99 /* Localizable.strings */ = {
			isa = PBXVariantGroup;
			children = (
				3E76F65BA5EB338EDBE2C26B /* en */,
			);
			name = Localizable.strings;
			sourceTree = "<group>";
		};
/* End PBXVariantGroup section */

/* Begin XCBuildConfiguration section */
		355F4A46252484FA15A00B8B /* Debug */ = {
			isa = XCBuildConfiguration;
			buildSettings = {
				ASSETCATALOG_COMPILER_APPICON_NAME = AppIcon;
				CODE_SIGN_ENTITLEMENTS = Sources/Murmur/Murmur.entitlements;
				CODE_SIGN_IDENTITY = "iPhone Developer";
				INFOPLIST_FILE = Sources/Murmur/Info.plist;
				LD_RUNPATH_SEARCH_PATHS = (
					"$(inherited)",
					"@executable_path/Frameworks",
				);
				PRODUCT_BUNDLE_IDENTIFIER = com.murmurkeyboard.app;
				SDKROOT = iphoneos;
				TARGETED_DEVICE_FAMILY = 1;
			};
			name = Debug;
		};
		4A7C7F1A68FBD02658C4F047 /* Debug */ = {
			isa = XCBuildConfiguration;
			buildSettings = {
				CODE_SIGN_ENTITLEMENTS = Sources/MurmurKeyboard/MurmurKeyboard.entitlements;
				INFOPLIST_FILE = Sources/MurmurKeyboard/Info.plist;
				LD_RUNPATH_SEARCH_PATHS = (
					"$(inherited)",
					"@executable_path/Frameworks",
					"@executable_path/../../Frameworks",
				);
				PRODUCT_BUNDLE_IDENTIFIER = com.murmurkeyboard.app.keyboard;
				SDKROOT = iphoneos;
				TARGETED_DEVICE_FAMILY = "1,2";
			};
			name = Debug;
		};
		780199B9044B5F76C0A845AC /* Release */ = {
			isa = XCBuildConfiguration;
			buildSettings = {
				ASSETCATALOG_COMPILER_APPICON_NAME = AppIcon;
				CODE_SIGN_ENTITLEMENTS = Sources/Murmur/Murmur.entitlements;
				CODE_SIGN_IDENTITY = "iPhone Developer";
				INFOPLIST_FILE = Sources/Murmur/Info.plist;
				LD_RUNPATH_SEARCH_PATHS = (
					"$(inherited)",
					"@executable_path/Frameworks",
				);
				PRODUCT_BUNDLE_IDENTIFIER = com.murmurkeyboard.app;
				SDKROOT = iphoneos;
				TARGETED_DEVICE_FAMILY = 1;
			};
			name = Release;
		};
		9191DF2C32DAEF5A429C8A63 /* Release */ = {
			isa = XCBuildConfiguration;
			buildSettings = {
				ALWAYS_SEARCH_USER_PATHS = NO;
				CLANG_ANALYZER_NONNULL = YES;
				CLANG_ANALYZER_NUMBER_OBJECT_CONVERSION = YES_AGGRESSIVE;
				CLANG_CXX_LANGUAGE_STANDARD = "gnu++14";
				CLANG_CXX_LIBRARY = "libc++";
				CLANG_ENABLE_MODULES = YES;
				CLANG_ENABLE_OBJC_ARC = YES;
				CLANG_ENABLE_OBJC_WEAK = YES;
				CLANG_WARN_BLOCK_CAPTURE_AUTORELEASING = YES;
				CLANG_WARN_BOOL_CONVERSION = YES;
				CLANG_WARN_COMMA = YES;
				CLANG_WARN_CONSTANT_CONVERSION = YES;
				CLANG_WARN_DEPRECATED_OBJC_IMPLEMENTATIONS = YES;
				CLANG_WARN_DIRECT_OBJC_ISA_USAGE = YES_ERROR;
				CLANG_WARN_DOCUMENTATION_COMMENTS = YES;
				CLANG_WARN_EMPTY_BODY = YES;
				CLANG_WARN_ENUM_CONVERSION = YES;
				CLANG_WARN_INFINITE_RECURSION = YES;
				CLANG_WARN_INT_CONVERSION = YES;
				CLANG_WARN_NON_LITERAL_NULL_CONVERSION = YES;
				CLANG_WARN_OBJC_IMPLICIT_RETAIN_SELF = YES;
				CLANG_WARN_OBJC_LITERAL_CONVERSION = YES;
				CLANG_WARN_OBJC_ROOT_CLASS = YES_ERROR;
				CLANG_WARN_QUOTED_INCLUDE_IN_FRAMEWORK_HEADER = YES;
				CLANG_WARN_RANGE_LOOP_ANALYSIS = YES;
				CLANG_WARN_STRICT_PROTOTYPES = YES;
				CLANG_WARN_SUSPICIOUS_MOVE = YES;
				CLANG_WARN_UNGUARDED_AVAILABILITY = YES_AGGRESSIVE;
				CLANG_WARN_UNREACHABLE_CODE = YES;
				CLANG_WARN__DUPLICATE_METHOD_MATCH = YES;
				CODE_SIGN_STYLE = Automatic;
				COPY_PHASE_STRIP = NO;
				DEBUG_INFORMATION_FORMAT = "dwarf-with-dsym";
				DEVELOPMENT_TEAM = 8957296QYR;
				ENABLE_NS_ASSERTIONS = NO;
				ENABLE_STRICT_OBJC_MSGSEND = YES;
				GCC_C_LANGUAGE_STANDARD = gnu11;
				GCC_NO_COMMON_BLOCKS = YES;
				GCC_WARN_64_TO_32_BIT_CONVERSION = YES;
				GCC_WARN_ABOUT_RETURN_TYPE = YES_ERROR;
				GCC_WARN_UNDECLARED_SELECTOR = YES;
				GCC_WARN_UNINITIALIZED_AUTOS = YES_AGGRESSIVE;
				GCC_WARN_UNUSED_FUNCTION = YES;
				GCC_WARN_UNUSED_VARIABLE = YES;
				IPHONEOS_DEPLOYMENT_TARGET = 17.0;
				MTL_ENABLE_DEBUG_INFO = NO;
				MTL_FAST_MATH = YES;
				PRODUCT_NAME = "$(TARGET_NAME)";
				SDKROOT = iphoneos;
				SWIFT_COMPILATION_MODE = wholemodule;
				SWIFT_OPTIMIZATION_LEVEL = "-O";
				SWIFT_VERSION = 6.0;
			};
			name = Release;
		};
		BC520A8EF000A0C597C40F67 /* Release */ = {
			isa = XCBuildConfiguration;
			buildSettings = {
				CODE_SIGN_ENTITLEMENTS = Sources/MurmurKeyboard/MurmurKeyboard.entitlements;
				INFOPLIST_FILE = Sources/MurmurKeyboard/Info.plist;
				LD_RUNPATH_SEARCH_PATHS = (
					"$(inherited)",
					"@executable_path/Frameworks",
					"@executable_path/../../Frameworks",
				);
				PRODUCT_BUNDLE_IDENTIFIER = com.murmurkeyboard.app.keyboard;
				SDKROOT = iphoneos;
				TARGETED_DEVICE_FAMILY = "1,2";
			};
			name = Release;
		};
		CD9AB829B5233A7B770568EE /* Debug */ = {
			isa = XCBuildConfiguration;
			buildSettings = {
				ALWAYS_SEARCH_USER_PATHS = NO;
				CLANG_ANALYZER_NONNULL = YES;
				CLANG_ANALYZER_NUMBER_OBJECT_CONVERSION = YES_AGGRESSIVE;
				CLANG_CXX_LANGUAGE_STANDARD = "gnu++14";
				CLANG_CXX_LIBRARY = "libc++";
				CLANG_ENABLE_MODULES = YES;
				CLANG_ENABLE_OBJC_ARC = YES;
				CLANG_ENABLE_OBJC_WEAK = YES;
				CLANG_WARN_BLOCK_CAPTURE_AUTORELEASING = YES;
				CLANG_WARN_BOOL_CONVERSION = YES;
				CLANG_WARN_COMMA = YES;
				CLANG_WARN_CONSTANT_CONVERSION = YES;
				CLANG_WARN_DEPRECATED_OBJC_IMPLEMENTATIONS = YES;
				CLANG_WARN_DIRECT_OBJC_ISA_USAGE = YES_ERROR;
				CLANG_WARN_DOCUMENTATION_COMMENTS = YES;
				CLANG_WARN_EMPTY_BODY = YES;
				CLANG_WARN_ENUM_CONVERSION = YES;
				CLANG_WARN_INFINITE_RECURSION = YES;
				CLANG_WARN_INT_CONVERSION = YES;
				CLANG_WARN_NON_LITERAL_NULL_CONVERSION = YES;
				CLANG_WARN_OBJC_IMPLICIT_RETAIN_SELF = YES;
				CLANG_WARN_OBJC_LITERAL_CONVERSION = YES;
				CLANG_WARN_OBJC_ROOT_CLASS = YES_ERROR;
				CLANG_WARN_QUOTED_INCLUDE_IN_FRAMEWORK_HEADER = YES;
				CLANG_WARN_RANGE_LOOP_ANALYSIS = YES;
				CLANG_WARN_STRICT_PROTOTYPES = YES;
				CLANG_WARN_SUSPICIOUS_MOVE = YES;
				CLANG_WARN_UNGUARDED_AVAILABILITY = YES_AGGRESSIVE;
				CLANG_WARN_UNREACHABLE_CODE = YES;
				CLANG_WARN__DUPLICATE_METHOD_MATCH = YES;
				CODE_SIGN_STYLE = Automatic;
				COPY_PHASE_STRIP = NO;
				DEBUG_INFORMATION_FORMAT = dwarf;
				DEVELOPMENT_TEAM = 8957296QYR;
				ENABLE_STRICT_OBJC_MSGSEND = YES;
				ENABLE_TESTABILITY = YES;
				GCC_C_LANGUAGE_STANDARD = gnu11;
				GCC_DYNAMIC_NO_PIC = NO;
				GCC_NO_COMMON_BLOCKS = YES;
				GCC_OPTIMIZATION_LEVEL = 0;
				GCC_PREPROCESSOR_DEFINITIONS = (
					"$(inherited)",
					"DEBUG=1",
				);
				GCC_WARN_64_TO_32_BIT_CONVERSION = YES;
				GCC_WARN_ABOUT_RETURN_TYPE = YES_ERROR;
				GCC_WARN_UNDECLARED_SELECTOR = YES;
				GCC_WARN_UNINITIALIZED_AUTOS = YES_AGGRESSIVE;
				GCC_WARN_UNUSED_FUNCTION = YES;
				GCC_WARN_UNUSED_VARIABLE = YES;
				IPHONEOS_DEPLOYMENT_TARGET = 17.0;
				MTL_ENABLE_DEBUG_INFO = INCLUDE_SOURCE;
				MTL_FAST_MATH = YES;
				ONLY_ACTIVE_ARCH = YES;
				PRODUCT_NAME = "$(TARGET_NAME)";
				SDKROOT = iphoneos;
				SWIFT_ACTIVE_COMPILATION_CONDITIONS = DEBUG;
				SWIFT_OPTIMIZATION_LEVEL = "-Onone";
				SWIFT_VERSION = 6.0;
			};
			name = Debug;
		};
/* End XCBuildConfiguration section */

/* Begin XCConfigurationList section */
		7BC53DFDF5746356F727BB31 /* Build configuration list for PBXProject "Murmur" */ = {
			isa = XCConfigurationList;
			buildConfigurations = (
				CD9AB829B5233A7B770568EE /* Debug */,
				9191DF2C32DAEF5A429C8A63 /* Release */,
			);
			defaultConfigurationIsVisible = 0;
			defaultConfigurationName = Debug;
		};
		9BA3CA05493B1ACFF0D0006F /* Build configuration list for PBXNativeTarget "MurmurKeyboard" */ = {
			isa = XCConfigurationList;
			buildConfigurations = (
				4A7C7F1A68FBD02658C4F047 /* Debug */,
				BC520A8EF000A0C597C40F67 /* Release */,
			);
			defaultConfigurationIsVisible = 0;
			defaultConfigurationName = Debug;
		};
		EDB1F9ED9EE411689FF7A246 /* Build configuration list for PBXNativeTarget "Murmur" */ = {
			isa = XCConfigurationList;
			buildConfigurations = (
				355F4A46252484FA15A00B8B /* Debug */,
				780199B9044B5F76C0A845AC /* Release */,
			);
			defaultConfigurationIsVisible = 0;
			defaultConfigurationName = Debug;
		};
/* End XCConfigurationList section */

/* Begin XCRemoteSwiftPackageReference section */
		9AD1147740F2028ECA243454 /* XCRemoteSwiftPackageReference "WhisperKit" */ = {
			isa = XCRemoteSwiftPackageReference;
			repositoryURL = "https://github.com/argmaxinc/WhisperKit.git";
			requirement = {
				kind = upToNextMajorVersion;
				minimumVersion = 0.17.0;
			};
		};
/* End XCRemoteSwiftPackageReference section */

/* Begin XCSwiftPackageProductDependency section */
		A2BDAA3B98771B1C1E1439F5 /* WhisperKit */ = {
			isa = XCSwiftPackageProductDependency;
			package = 9AD1147740F2028ECA243454 /* XCRemoteSwiftPackageReference "WhisperKit" */;
			productName = WhisperKit;
		};
/* End XCSwiftPackageProductDependency section */
	};
	rootObject = 212C51E196E4C5F2E057C421 /* Project object */;
}
